
Microsoft Visual Studio Solution File, Format Version 12.00
# Visual Studio Version 17
VisualStudioVersion = 17.12.35521.163 d17.12
MinimumVisualStudioVersion = 10.0.40219.1
Project("{888888A0-9F3D-457C-B088-3A5042F75D52}") = "IndirectEffectsCausality.WebApi", "IndirectEffectsCausality.WebApi\IndirectEffectsCausality.WebApi.pyproj", "{F7C2B3A9-9F17-4978-8CEB-0A7BAB659EA9}"
EndProject
Global
	GlobalSection(SolutionConfigurationPlatforms) = preSolution
		Debug|Any CPU = Debug|Any CPU
		Release|Any CPU = Release|Any CPU
	EndGlobalSection
	GlobalSection(ProjectConfigurationPlatforms) = postSolution
		{F7C2B3A9-9F17-4978-8CEB-0A7BAB659EA9}.Debug|Any CPU.ActiveCfg = Debug|Any CPU
		{F7C2B3A9-9F17-4978-8CEB-0A7BAB659EA9}.Release|Any CPU.ActiveCfg = Release|Any CPU
	EndGlobalSection
	GlobalSection(SolutionProperties) = preSolution
		HideSolutionNode = FALSE
	EndGlobalSection
EndGlobal
